
Microsoft Visual Studio Solution File, Format Version 12.00
# Visual Studio Version 17
VisualStudioVersion = 17.4.33403.182
MinimumVisualStudioVersion = 10.0.40219.1
Project("{FAE04EC0-301F-11D3-BF4B-00C04F79EFBC}") = "Mahinay_Student Information System", "Mahinay_Student Information System\Mahinay_Student Information System.csproj", "{C3A17DB2-0730-4617-AF61-A228A10FCFB0}"
EndProject
Global
	GlobalSection(SolutionConfigurationPlatforms) = preSolution
		Debug|Any CPU = Debug|Any CPU
		Release|Any CPU = Release|Any CPU
	EndGlobalSection
	GlobalSection(ProjectConfigurationPlatforms) = postSolution
		{C3A17DB2-0730-4617-AF61-A228A10FCFB0}.Debug|Any CPU.ActiveCfg = Debug|Any CPU
		{C3A17DB2-0730-4617-AF61-A228A10FCFB0}.Debug|Any CPU.Build.0 = Debug|Any CPU
		{C3A17DB2-0730-4617-AF61-A228A10FCFB0}.Release|Any CPU.ActiveCfg = Release|Any CPU
		{C3A17DB2-0730-4617-AF61-A228A10FCFB0}.Release|Any CPU.Build.0 = Release|Any CPU
	EndGlobalSection
	GlobalSection(SolutionProperties) = preSolution
		HideSolutionNode = FALSE
	EndGlobalSection
	GlobalSection(ExtensibilityGlobals) = postSolution
		SolutionGuid = {881531DE-FAEC-4FF6-BAC9-3B21D62934C9}
	EndGlobalSection
EndGlobal
